# @generated by Move, please check-in and do not edit manually.

[move]
version = 2
manifest_digest = "313890CB809468C6E77212EAD69B6640B432E30A495CDE6A1FEAD8B1913E0DF3"
deps_digest = "F8BBB0CCB2491CA29A3DF03D6F92277A4F3574266507ACD77214D37ECA3F3082"
dependencies = [
  { name = "Sui" },
]

[[move.package]]
name = "MoveStdlib"
source = { local = "D:\\suix\\crates\\sui-framework\\packages\\move-stdlib" }

[[move.package]]
name = "Sui"
source = { local = "D:\\suix\\crates\\sui-framework\\packages\\sui-framework" }

dependencies = [
  { name = "MoveStdlib" },
]

[move.toolchain-version]
compiler-version = "1.30.1"
edition = "2024.beta"
flavor = "sui"

[env]

[env.testnet]
chain-id = "4c78adac"
original-published-id = "0xd27ea9bb5f2ae9427d1d0f499ed94f70cda7eadc3212ac0ec3537da782d082a2"
latest-published-id = "0xd27ea9bb5f2ae9427d1d0f499ed94f70cda7eadc3212ac0ec3537da782d082a2"
published-version = "1"
